PODS:
  - ExtensibleEnumeratedName (1.0.3)
  - WolfConcurrency (1.1.1):
    - WolfFoundation
    - WolfLog
    - WolfNumerics
  - WolfFoundation (1.1):
    - WolfNumerics
    - WolfPipe
  - WolfLog (1.0.2):
    - ExtensibleEnumeratedName
    - WolfNumerics
    - WolfStrings
  - WolfNumerics (2.0.2)
  - WolfPipe (1.0.7)
  - WolfStrings (1.0.5):
    - ExtensibleEnumeratedName
    - WolfNumerics
    - WolfPipe

DEPENDENCIES:
  - WolfConcurrency (from `../`)

SPEC REPOS:
  https://github.com/cocoapods/specs.git:
    - ExtensibleEnumeratedName
    - WolfFoundation
    - WolfLog
    - WolfNumerics
    - WolfPipe
    - WolfStrings

EXTERNAL SOURCES:
  WolfConcurrency:
    :path: "../"

SPEC CHECKSUMS:
  ExtensibleEnumeratedName: c6caeb662f79105e7229a613f9043e8a7e15e642
  WolfConcurrency: acb773dfc18e0fe7e003284cdf1ee57ab6373542
  WolfFoundation: b329c7dc0def384757c81c79b5600b1a36227252
  WolfLog: 6329a08de6c099ca6ccea857127d9df2f74dfea3
  WolfNumerics: a63222a42b4c3835e1a1cb489a71abb890f0d910
  WolfPipe: 1a2cbb23efb14833647a2adcc034468bf82a289e
  WolfStrings: da93adf75ddc98609744beaf5f3c2bdb1e85d1a4

PODFILE CHECKSUM: 213e4f8d506000669c94ff84e28fd9503289760b

COCOAPODS: 1.6.0.beta.2
